
Microsoft Visual Studio Solution File, Format Version 12.00
# Visual Studio 15
VisualStudioVersion = 15.0.28010.2041
MinimumVisualStudioVersion = 10.0.40219.1
Project("{FAE04EC0-301F-11D3-BF4B-00C04F79EFBC}") = "WebService", "WebService\WebService.csproj", "{DD5D76F2-27DD-49FD-B34C-86BFE5936CB6}"
EndProject
Project("{FAE04EC0-301F-11D3-BF4B-00C04F79EFBC}") = "BL", "BL\BL.csproj", "{7F812F27-EEBB-40C2-BC2C-CFBA312B1988}"
EndProject
Project("{FAE04EC0-301F-11D3-BF4B-00C04F79EFBC}") = "Entities", "Entities\Entities.csproj", "{2C1445FE-B3D0-4BB8-920B-F9099077731F}"
EndProject
Project("{FAE04EC0-301F-11D3-BF4B-00C04F79EFBC}") = "DAL", "DAL\DAL.csproj", "{319B46B3-6F8B-449C-A502-E2879AEA341A}"
EndProject
Global
	GlobalSection(SolutionConfigurationPlatforms) = preSolution
		Debug|Any CPU = Debug|Any CPU
		Release|Any CPU = Release|Any CPU
	EndGlobalSection
	GlobalSection(ProjectConfigurationPlatforms) = postSolution
		{DD5D76F2-27DD-49FD-B34C-86BFE5936CB6}.Debug|Any CPU.ActiveCfg = Debug|Any CPU
		{DD5D76F2-27DD-49FD-B34C-86BFE5936CB6}.Debug|Any CPU.Build.0 = Debug|Any CPU
		{DD5D76F2-27DD-49FD-B34C-86BFE5936CB6}.Release|Any CPU.ActiveCfg = Release|Any CPU
		{DD5D76F2-27DD-49FD-B34C-86BFE5936CB6}.Release|Any CPU.Build.0 = Release|Any CPU
		{7F812F27-EEBB-40C2-BC2C-CFBA312B1988}.Debug|Any CPU.ActiveCfg = Debug|Any CPU
		{7F812F27-EEBB-40C2-BC2C-CFBA312B1988}.Debug|Any CPU.Build.0 = Debug|Any CPU
		{7F812F27-EEBB-40C2-BC2C-CFBA312B1988}.Release|Any CPU.ActiveCfg = Release|Any CPU
		{7F812F27-EEBB-40C2-BC2C-CFBA312B1988}.Release|Any CPU.Build.0 = Release|Any CPU
		{2C1445FE-B3D0-4BB8-920B-F9099077731F}.Debug|Any CPU.ActiveCfg = Debug|Any CPU
		{2C1445FE-B3D0-4BB8-920B-F9099077731F}.Debug|Any CPU.Build.0 = Debug|Any CPU
		{2C1445FE-B3D0-4BB8-920B-F9099077731F}.Release|Any CPU.ActiveCfg = Release|Any CPU
		{2C1445FE-B3D0-4BB8-920B-F9099077731F}.Release|Any CPU.Build.0 = Release|Any CPU
		{319B46B3-6F8B-449C-A502-E2879AEA341A}.Debug|Any CPU.ActiveCfg = Debug|Any CPU
		{319B46B3-6F8B-449C-A502-E2879AEA341A}.Debug|Any CPU.Build.0 = Debug|Any CPU
		{319B46B3-6F8B-449C-A502-E2879AEA341A}.Release|Any CPU.ActiveCfg = Release|Any CPU
		{319B46B3-6F8B-449C-A502-E2879AEA341A}.Release|Any CPU.Build.0 = Release|Any CPU
	EndGlobalSection
	GlobalSection(SolutionProperties) = preSolution
		HideSolutionNode = FALSE
	EndGlobalSection
	GlobalSection(ExtensibilityGlobals) = postSolution
		SolutionGuid = {0CD76E70-726C-4CD0-BBAF-FD9125FCF54F}
	EndGlobalSection
EndGlobal
